{
  "version": 1,
  "dependencies": {
    "net6.0": {
      "MessagePack.Annotations": {
        "type": "Direct",
        "requested": "[2.3.85, )",
        "resolved": "2.3.85",
        "contentHash": "2GCYZ9qgNS5Og0tiqfhWRhcfDZI/iRi8t07R0fNic1HthMMRfWxWOKDIBhtMA1RwZM4BuRsmJXUgk3evyisb1w=="
      }
    }
  }
}